
Microsoft Visual Studio Solution File, Format Version 12.00
# Visual Studio 15
VisualStudioVersion = 15.0.26730.16
MinimumVisualStudioVersion = 10.0.40219.1
Project("{FAE04EC0-301F-11D3-BF4B-00C04F79EFBC}") = "ComicBookGallery", "ComicBookGallery\ComicBookGallery.csproj", "{E1401AED-E94A-4D13-831D-4A4EB4D9F5BF}"
EndProject
Global
	GlobalSection(SolutionConfigurationPlatforms) = preSolution
		Debug|Any CPU = Debug|Any CPU
		Release|Any CPU = Release|Any CPU
	EndGlobalSection
	GlobalSection(ProjectConfigurationPlatforms) = postSolution
		{E1401AED-E94A-4D13-831D-4A4EB4D9F5BF}.Debug|Any CPU.ActiveCfg = Debug|Any CPU
		{E1401AED-E94A-4D13-831D-4A4EB4D9F5BF}.Debug|Any CPU.Build.0 = Debug|Any CPU
		{E1401AED-E94A-4D13-831D-4A4EB4D9F5BF}.Release|Any CPU.ActiveCfg = Release|Any CPU
		{E1401AED-E94A-4D13-831D-4A4EB4D9F5BF}.Release|Any CPU.Build.0 = Release|Any CPU
	EndGlobalSection
	GlobalSection(SolutionProperties) = preSolution
		HideSolutionNode = FALSE
	EndGlobalSection
	GlobalSection(ExtensibilityGlobals) = postSolution
		SolutionGuid = {645ACF75-C363-4ECB-AEB7-5701D2F973FC}
	EndGlobalSection
EndGlobal
